// !$*UTF8*$!
{
	archiveVersion = 1;
	classes = {
	};
	objectVersion = 56;
	objects = {

/* Begin PBXBuildFile section */
		5051DEE82A876C4800EED9D7 /* main.cpp in Sources */ = {isa = PBXBuildFile; fileRef = 5051DEE72A876C4800EED9D7 /* main.cpp */; };
		5051DEF02A876D1D00EED9D7 /* double-double.cpp in Sources */ = {isa = PBXBuildFile; fileRef = 5051DEEE2A876D1D00EED9D7 /* double-double.cpp */; };
		5051DEF62A8785D800EED9D7 /* comparison.cpp in Sources */ = {isa = PBXBuildFile; fileRef = 5051DEF52A8785D800EED9D7 /* comparison.cpp */; };
		5051DEF72A87864000EED9D7 /* arithmetic.cpp in Sources */ = {isa = PBXBuildFile; fileRef = 5051DEF22A876E8300EED9D7 /* arithmetic.cpp */; };
/* End PBXBuildFile section */

/* Begin PBXCopyFilesBuildPhase section */
		5051DEE22A876C4800EED9D7 /* CopyFiles */ = {
			isa = PBXCopyFilesBuildPhase;
			buildActionMask = 2147483647;
			dstPath = /usr/share/man/man1/;
			dstSubfolderSpec = 0;
			files = (
			);
			runOnlyForDeploymentPostprocessing = 1;
		};
/* End PBXCopyFilesBuildPhase section */

/* Begin PBXFileReference section */
		5051DEE42A876C4800EED9D7 /* double-double */ = {isa = PBXFileReference; explicitFileType = "compiled.mach-o.executable"; includeInIndex = 0; path = "double-double"; sourceTree = BUILT_PRODUCTS_DIR; };
		5051DEE72A876C4800EED9D7 /* main.cpp */ = {isa = PBXFileReference; lastKnownFileType = sourcecode.cpp.cpp; path = main.cpp; sourceTree = "<group>"; };
		5051DEEE2A876D1D00EED9D7 /* double-double.cpp */ = {isa = PBXFileReference; lastKnownFileType = sourcecode.cpp.cpp; path = "double-double.cpp"; sourceTree = "<group>"; };
		5051DEEF2A876D1D00EED9D7 /* double-double.h */ = {isa = PBXFileReference; lastKnownFileType = sourcecode.c.h; path = "double-double.h"; sourceTree = "<group>"; };
		5051DEF12A876E1600EED9D7 /* CMakeLists.txt */ = {isa = PBXFileReference; lastKnownFileType = text; path = CMakeLists.txt; sourceTree = "<group>"; };
		5051DEF22A876E8300EED9D7 /* arithmetic.cpp */ = {isa = PBXFileReference; lastKnownFileType = sourcecode.cpp.cpp; path = arithmetic.cpp; sourceTree = "<group>"; };
		5051DEF32A87738C00EED9D7 /* CMakeLists.txt */ = {isa = PBXFileReference; lastKnownFileType = text; path = CMakeLists.txt; sourceTree = "<group>"; };
		5051DEF42A877BD400EED9D7 /* doctest.h */ = {isa = PBXFileReference; lastKnownFileType = sourcecode.c.h; path = doctest.h; sourceTree = "<group>"; };
		5051DEF52A8785D800EED9D7 /* comparison.cpp */ = {isa = PBXFileReference; lastKnownFileType = sourcecode.cpp.cpp; path = comparison.cpp; sourceTree = "<group>"; };
/* End PBXFileReference section */

/* Begin PBXFrameworksBuildPhase section */
		5051DEE12A876C4800EED9D7 /* Frameworks */ = {
			isa = PBXFrameworksBuildPhase;
			buildActionMask = 2147483647;
			files = (
			);
			runOnlyForDeploymentPostprocessing = 0;
		};
/* End PBXFrameworksBuildPhase section */

/* Begin PBXGroup section */
		5051DEDB2A876C4800EED9D7 = {
			isa = PBXGroup;
			children = (
				5051DEF12A876E1600EED9D7 /* CMakeLists.txt */,
				5051DEEE2A876D1D00EED9D7 /* double-double.cpp */,
				5051DEEF2A876D1D00EED9D7 /* double-double.h */,
				5051DEE62A876C4800EED9D7 /* unittests */,
				5051DEE52A876C4800EED9D7 /* Products */,
			);
			sourceTree = "<group>";
		};
		5051DEE52A876C4800EED9D7 /* Products */ = {
			isa = PBXGroup;
			children = (
				5051DEE42A876C4800EED9D7 /* double-double */,
			);
			name = Products;
			sourceTree = "<group>";
		};
		5051DEE62A876C4800EED9D7 /* unittests */ = {
			isa = PBXGroup;
			children = (
				5051DEF32A87738C00EED9D7 /* CMakeLists.txt */,
				5051DEF42A877BD400EED9D7 /* doctest.h */,
				5051DEE72A876C4800EED9D7 /* main.cpp */,
				5051DEF22A876E8300EED9D7 /* arithmetic.cpp */,
				5051DEF52A8785D800EED9D7 /* comparison.cpp */,
			);
			path = unittests;
			sourceTree = "<group>";
		};
/* End PBXGroup section */

/* Begin PBXNativeTarget section */
		5051DEE32A876C4800EED9D7 /* double-double */ = {
			isa = PBXNativeTarget;
			buildConfigurationList = 5051DEEB2A876C4800EED9D7 /* Build configuration list for PBXNativeTarget "double-double" */;
			buildPhases = (
				5051DEE02A876C4800EED9D7 /* Sources */,
				5051DEE12A876C4800EED9D7 /* Frameworks */,
				5051DEE22A876C4800EED9D7 /* CopyFiles */,
			);
			buildRules = (
			);
			dependencies = (
			);
			name = "double-double";
			productName = "double-double";
			productReference = 5051DEE42A876C4800EED9D7 /* double-double */;
			productType = "com.apple.product-type.tool";
		};
/* End PBXNativeTarget section */

/* Begin PBXProject section */
		5051DEDC2A876C4800EED9D7 /* Project object */ = {
			isa = PBXProject;
			attributes = {
				BuildIndependentTargetsInParallel = 1;
				LastUpgradeCheck = 1430;
				TargetAttributes = {
					5051DEE32A876C4800EED9D7 = {
						CreatedOnToolsVersion = 14.3.1;
					};
				};
			};
			buildConfigurationList = 5051DEDF2A876C4800EED9D7 /* Build configuration list for PBXProject "double-double" */;
			compatibilityVersion = "Xcode 14.0";
			developmentRegion = en;
			hasScannedForEncodings = 0;
			knownRegions = (
				en,
				Base,
			);
			mainGroup = 5051DEDB2A876C4800EED9D7;
			productRefGroup = 5051DEE52A876C4800EED9D7 /* Products */;
			projectDirPath = "";
			projectRoot = "";
			targets = (
				5051DEE32A876C4800EED9D7 /* double-double */,
			);
		};
/* End PBXProject section */

/* Begin PBXSourcesBuildPhase section */
		5051DEE02A876C4800EED9D7 /* Sources */ = {
			isa = PBXSourcesBuildPhase;
			buildActionMask = 2147483647;
			files = (
				5051DEE82A876C4800EED9D7 /* main.cpp in Sources */,
				5051DEF72A87864000EED9D7 /* arithmetic.cpp in Sources */,
				5051DEF62A8785D800EED9D7 /* comparison.cpp in Sources */,
				5051DEF02A876D1D00EED9D7 /* double-double.cpp in Sources */,
			);
			runOnlyForDeploymentPostprocessing = 0;
		};
/* End PBXSourcesBuildPhase section */

/* Begin XCBuildConfiguration section */
		5051DEE92A876C4800EED9D7 /* Debug */ = {
			isa = XCBuildConfiguration;
			buildSettings = {
				ALWAYS_SEARCH_USER_PATHS = NO;
				CLANG_ANALYZER_NONNULL = YES;
				CLANG_ANALYZER_NUMBER_OBJECT_CONVERSION = YES_AGGRESSIVE;
				CLANG_CXX_LANGUAGE_STANDARD = "gnu++20";
				CLANG_ENABLE_MODULES = YES;
				CLANG_ENABLE_OBJC_ARC = YES;
				CLANG_ENABLE_OBJC_WEAK = YES;
				CLANG_WARN_BLOCK_CAPTURE_AUTORELEASING = YES;
				CLANG_WARN_BOOL_CONVERSION = YES;
				CLANG_WARN_COMMA = YES;
				CLANG_WARN_CONSTANT_CONVERSION = YES;
				CLANG_WARN_DEPRECATED_OBJC_IMPLEMENTATIONS = YES;
				CLANG_WARN_DIRECT_OBJC_ISA_USAGE = YES_ERROR;
				CLANG_WARN_DOCUMENTATION_COMMENTS = YES;
				CLANG_WARN_EMPTY_BODY = YES;
				CLANG_WARN_ENUM_CONVERSION = YES;
				CLANG_WARN_INFINITE_RECURSION = YES;
				CLANG_WARN_INT_CONVERSION = YES;
				CLANG_WARN_NON_LITERAL_NULL_CONVERSION = YES;
				CLANG_WARN_OBJC_IMPLICIT_RETAIN_SELF = YES;
				CLANG_WARN_OBJC_LITERAL_CONVERSION = YES;
				CLANG_WARN_OBJC_ROOT_CLASS = YES_ERROR;
				CLANG_WARN_QUOTED_INCLUDE_IN_FRAMEWORK_HEADER = YES;
				CLANG_WARN_RANGE_LOOP_ANALYSIS = YES;
				CLANG_WARN_STRICT_PROTOTYPES = YES;
				CLANG_WARN_SUSPICIOUS_MOVE = YES;
				CLANG_WARN_UNGUARDED_AVAILABILITY = YES_AGGRESSIVE;
				CLANG_WARN_UNREACHABLE_CODE = YES;
				CLANG_WARN__DUPLICATE_METHOD_MATCH = YES;
				COPY_PHASE_STRIP = NO;
				DEBUG_INFORMATION_FORMAT = dwarf;
				ENABLE_STRICT_OBJC_MSGSEND = YES;
				ENABLE_TESTABILITY = YES;
				GCC_C_LANGUAGE_STANDARD = gnu11;
				GCC_DYNAMIC_NO_PIC = NO;
				GCC_NO_COMMON_BLOCKS = YES;
				GCC_OPTIMIZATION_LEVEL = 0;
				GCC_PREPROCESSOR_DEFINITIONS = (
					"DEBUG=1",
					"$(inherited)",
				);
				GCC_WARN_64_TO_32_BIT_CONVERSION = YES;
				GCC_WARN_ABOUT_RETURN_TYPE = YES_ERROR;
				GCC_WARN_UNDECLARED_SELECTOR = YES;
				GCC_WARN_UNINITIALIZED_AUTOS = YES_AGGRESSIVE;
				GCC_WARN_UNUSED_FUNCTION = YES;
				GCC_WARN_UNUSED_VARIABLE = YES;
				MACOSX_DEPLOYMENT_TARGET = 13.3;
				MTL_ENABLE_DEBUG_INFO = INCLUDE_SOURCE;
				MTL_FAST_MATH = YES;
				ONLY_ACTIVE_ARCH = YES;
				SDKROOT = macosx;
			};
			name = Debug;
		};
		5051DEEA2A876C4800EED9D7 /* Release */ = {
			isa = XCBuildConfiguration;
			buildSettings = {
				ALWAYS_SEARCH_USER_PATHS = NO;
				CLANG_ANALYZER_NONNULL = YES;
				CLANG_ANALYZER_NUMBER_OBJECT_CONVERSION = YES_AGGRESSIVE;
				CLANG_CXX_LANGUAGE_STANDARD = "gnu++20";
				CLANG_ENABLE_MODULES = YES;
				CLANG_ENABLE_OBJC_ARC = YES;
				CLANG_ENABLE_OBJC_WEAK = YES;
				CLANG_WARN_BLOCK_CAPTURE_AUTORELEASING = YES;
				CLANG_WARN_BOOL_CONVERSION = YES;
				CLANG_WARN_COMMA = YES;
				CLANG_WARN_CONSTANT_CONVERSION = YES;
				CLANG_WARN_DEPRECATED_OBJC_IMPLEMENTATIONS = YES;
				CLANG_WARN_DIRECT_OBJC_ISA_USAGE = YES_ERROR;
				CLANG_WARN_DOCUMENTATION_COMMENTS = YES;
				CLANG_WARN_EMPTY_BODY = YES;
				CLANG_WARN_ENUM_CONVERSION = YES;
				CLANG_WARN_INFINITE_RECURSION = YES;
				CLANG_WARN_INT_CONVERSION = YES;
				CLANG_WARN_NON_LITERAL_NULL_CONVERSION = YES;
				CLANG_WARN_OBJC_IMPLICIT_RETAIN_SELF = YES;
				CLANG_WARN_OBJC_LITERAL_CONVERSION = YES;
				CLANG_WARN_OBJC_ROOT_CLASS = YES_ERROR;
				CLANG_WARN_QUOTED_INCLUDE_IN_FRAMEWORK_HEADER = YES;
				CLANG_WARN_RANGE_LOOP_ANALYSIS = YES;
				CLANG_WARN_STRICT_PROTOTYPES = YES;
				CLANG_WARN_SUSPICIOUS_MOVE = YES;
				CLANG_WARN_UNGUARDED_AVAILABILITY = YES_AGGRESSIVE;
				CLANG_WARN_UNREACHABLE_CODE = YES;
				CLANG_WARN__DUPLICATE_METHOD_MATCH = YES;
				COPY_PHASE_STRIP = NO;
				DEBUG_INFORMATION_FORMAT = "dwarf-with-dsym";
				ENABLE_NS_ASSERTIONS = NO;
				ENABLE_STRICT_OBJC_MSGSEND = YES;
				GCC_C_LANGUAGE_STANDARD = gnu11;
				GCC_NO_COMMON_BLOCKS = YES;
				GCC_WARN_64_TO_32_BIT_CONVERSION = YES;
				GCC_WARN_ABOUT_RETURN_TYPE = YES_ERROR;
				GCC_WARN_UNDECLARED_SELECTOR = YES;
				GCC_WARN_UNINITIALIZED_AUTOS = YES_AGGRESSIVE;
				GCC_WARN_UNUSED_FUNCTION = YES;
				GCC_WARN_UNUSED_VARIABLE = YES;
				MACOSX_DEPLOYMENT_TARGET = 13.3;
				MTL_ENABLE_DEBUG_INFO = NO;
				MTL_FAST_MATH = YES;
				SDKROOT = macosx;
			};
			name = Release;
		};
		5051DEEC2A876C4800EED9D7 /* Debug */ = {
			isa = XCBuildConfiguration;
			buildSettings = {
				CODE_SIGN_STYLE = Automatic;
				DEVELOPMENT_TEAM = 3NG65ZLYW7;
				ENABLE_HARDENED_RUNTIME = YES;
				PRODUCT_NAME = "$(TARGET_NAME)";
			};
			name = Debug;
		};
		5051DEED2A876C4800EED9D7 /* Release */ = {
			isa = XCBuildConfiguration;
			buildSettings = {
				CODE_SIGN_STYLE = Automatic;
				DEVELOPMENT_TEAM = 3NG65ZLYW7;
				ENABLE_HARDENED_RUNTIME = YES;
				PRODUCT_NAME = "$(TARGET_NAME)";
			};
			name = Release;
		};
/* End XCBuildConfiguration section */

/* Begin XCConfigurationList section */
		5051DEDF2A876C4800EED9D7 /* Build configuration list for PBXProject "double-double" */ = {
			isa = XCConfigurationList;
			buildConfigurations = (
				5051DEE92A876C4800EED9D7 /* Debug */,
				5051DEEA2A876C4800EED9D7 /* Release */,
			);
			defaultConfigurationIsVisible = 0;
			defaultConfigurationName = Release;
		};
		5051DEEB2A876C4800EED9D7 /* Build configuration list for PBXNativeTarget "double-double" */ = {
			isa = XCConfigurationList;
			buildConfigurations = (
				5051DEEC2A876C4800EED9D7 /* Debug */,
				5051DEED2A876C4800EED9D7 /* Release */,
			);
			defaultConfigurationIsVisible = 0;
			defaultConfigurationName = Release;
		};
/* End XCConfigurationList section */
	};
	rootObject = 5051DEDC2A876C4800EED9D7 /* Project object */;
}
